
Microsoft Visual Studio Solution File, Format Version 12.00
# Visual Studio 15
VisualStudioVersion = 15.0.27428.2015
MinimumVisualStudioVersion = 10.0.40219.1
Project("{FAE04EC0-301F-11D3-BF4B-00C04F79EFBC}") = "Client", "..\Buoi2\Client\Client.csproj", "{7AC6C98D-70E0-4F5E-B7EA-5EA3BE596254}"
EndProject
Project("{FAE04EC0-301F-11D3-BF4B-00C04F79EFBC}") = "Server", "..\Buoi2\Server\Server.csproj", "{0C2F2E48-CD2B-4A73-B963-7F7B3BC18847}"
EndProject
Global
	GlobalSection(SolutionConfigurationPlatforms) = preSolution
		Debug|Any CPU = Debug|Any CPU
		Release|Any CPU = Release|Any CPU
	EndGlobalSection
	GlobalSection(ProjectConfigurationPlatforms) = postSolution
		{7AC6C98D-70E0-4F5E-B7EA-5EA3BE596254}.Debug|Any CPU.ActiveCfg = Debug|Any CPU
		{7AC6C98D-70E0-4F5E-B7EA-5EA3BE596254}.Debug|Any CPU.Build.0 = Debug|Any CPU
		{7AC6C98D-70E0-4F5E-B7EA-5EA3BE596254}.Release|Any CPU.ActiveCfg = Release|Any CPU
		{7AC6C98D-70E0-4F5E-B7EA-5EA3BE596254}.Release|Any CPU.Build.0 = Release|Any CPU
		{0C2F2E48-CD2B-4A73-B963-7F7B3BC18847}.Debug|Any CPU.ActiveCfg = Debug|Any CPU
		{0C2F2E48-CD2B-4A73-B963-7F7B3BC18847}.Debug|Any CPU.Build.0 = Debug|Any CPU
		{0C2F2E48-CD2B-4A73-B963-7F7B3BC18847}.Release|Any CPU.ActiveCfg = Release|Any CPU
		{0C2F2E48-CD2B-4A73-B963-7F7B3BC18847}.Release|Any CPU.Build.0 = Release|Any CPU
	EndGlobalSection
	GlobalSection(SolutionProperties) = preSolution
		HideSolutionNode = FALSE
	EndGlobalSection
	GlobalSection(ExtensibilityGlobals) = postSolution
		SolutionGuid = {33F91C16-0B3B-4510-B1F1-416D2EE0C30B}
	EndGlobalSection
EndGlobal
